Microsoft Visual Studio Solution File, Format Version 12.00
# Visual Studio Version 17
VisualStudioVersion = 17.5.2.0
MinimumVisualStudioVersion = 10.0.40219.1
Project("{FAE04EC0-301F-11D3-BF4B-00C04F79EFBC}") = "jsonBooks", "jsonBooks.csproj", "{D6A318A5-1E05-7B19-C467-141F2317973B}"
EndProject
Global
	GlobalSection(SolutionConfigurationPlatforms) = preSolution
		Debug|Any CPU = Debug|Any CPU
		Release|Any CPU = Release|Any CPU
	EndGlobalSection
	GlobalSection(ProjectConfigurationPlatforms) = postSolution
		{D6A318A5-1E05-7B19-C467-141F2317973B}.Debug|Any CPU.ActiveCfg = Debug|Any CPU
		{D6A318A5-1E05-7B19-C467-141F2317973B}.Debug|Any CPU.Build.0 = Debug|Any CPU
		{D6A318A5-1E05-7B19-C467-141F2317973B}.Release|Any CPU.ActiveCfg = Release|Any CPU
		{D6A318A5-1E05-7B19-C467-141F2317973B}.Release|Any CPU.Build.0 = Release|Any CPU
	EndGlobalSection
	GlobalSection(SolutionProperties) = preSolution
		HideSolutionNode = FALSE
	EndGlobalSection
	GlobalSection(ExtensibilityGlobals) = postSolution
		SolutionGuid = {9A04A30B-99E7-4CB9-AFF5-320AFDA12AC9}
	EndGlobalSection
EndGlobal
